
Microsoft Visual Studio Solution File, Format Version 12.00
# Visual Studio Version 17
VisualStudioVersion = 17.5.33516.290
MinimumVisualStudioVersion = 10.0.40219.1
Project("{FAE04EC0-301F-11D3-BF4B-00C04F79EFBC}") = "DotNetLab1", "DotNetLab1.csproj", "{892EE502-687E-482B-A00F-0882761FF68F}"
EndProject
Project("{2150E333-8FDC-42A3-9474-1A3956D46DE8}") = "Solution Items", "Solution Items", "{9C864204-BF77-400E-AA0B-08A5661B563D}"
EndProject
Global
	GlobalSection(SolutionConfigurationPlatforms) = preSolution
		Debug|Any CPU = Debug|Any CPU
		Release|Any CPU = Release|Any CPU
	EndGlobalSection
	GlobalSection(ProjectConfigurationPlatforms) = postSolution
		{892EE502-687E-482B-A00F-0882761FF68F}.Debug|Any CPU.ActiveCfg = Debug|Any CPU
		{892EE502-687E-482B-A00F-0882761FF68F}.Debug|Any CPU.Build.0 = Debug|Any CPU
		{892EE502-687E-482B-A00F-0882761FF68F}.Release|Any CPU.ActiveCfg = Release|Any CPU
		{892EE502-687E-482B-A00F-0882761FF68F}.Release|Any CPU.Build.0 = Release|Any CPU
	EndGlobalSection
	GlobalSection(SolutionProperties) = preSolution
		HideSolutionNode = FALSE
	EndGlobalSection
	GlobalSection(ExtensibilityGlobals) = postSolution
		SolutionGuid = {E36678EF-050D-4BAA-BB95-91966665397F}
	EndGlobalSection
EndGlobal
