
Microsoft Visual Studio Solution File, Format Version 12.00
# Visual Studio Version 17
VisualStudioVersion = 17.7.34024.191
MinimumVisualStudioVersion = 10.0.40219.1
Project("{9A19103F-16F7-4668-BE54-9A1E7A4F7556}") = "SessionManagement", "SessionManagement.csproj", "{D199F50E-95FA-439E-BFFC-7025EC32C22D}"
EndProject
Project("{FAE04EC0-301F-11D3-BF4B-00C04F79EFBC}") = "CookieExample", "..\CookieExample\CookieExample.csproj", "{D9FC3710-684D-4B5D-9241-A79E7BEDFFFC}"
EndProject
Project("{FAE04EC0-301F-11D3-BF4B-00C04F79EFBC}") = "JqueryExample", "..\JqueryExample\JqueryExample.csproj", "{0E6D1D57-DA54-4377-8347-1DC5404315E5}"
EndProject
Global
	GlobalSection(SolutionConfigurationPlatforms) = preSolution
		Debug|Any CPU = Debug|Any CPU
		Release|Any CPU = Release|Any CPU
	EndGlobalSection
	GlobalSection(ProjectConfigurationPlatforms) = postSolution
		{D199F50E-95FA-439E-BFFC-7025EC32C22D}.Debug|Any CPU.ActiveCfg = Debug|Any CPU
		{D199F50E-95FA-439E-BFFC-7025EC32C22D}.Debug|Any CPU.Build.0 = Debug|Any CPU
		{D199F50E-95FA-439E-BFFC-7025EC32C22D}.Release|Any CPU.ActiveCfg = Release|Any CPU
		{D199F50E-95FA-439E-BFFC-7025EC32C22D}.Release|Any CPU.Build.0 = Release|Any CPU
		{D9FC3710-684D-4B5D-9241-A79E7BEDFFFC}.Debug|Any CPU.ActiveCfg = Debug|Any CPU
		{D9FC3710-684D-4B5D-9241-A79E7BEDFFFC}.Debug|Any CPU.Build.0 = Debug|Any CPU
		{D9FC3710-684D-4B5D-9241-A79E7BEDFFFC}.Release|Any CPU.ActiveCfg = Release|Any CPU
		{D9FC3710-684D-4B5D-9241-A79E7BEDFFFC}.Release|Any CPU.Build.0 = Release|Any CPU
		{0E6D1D57-DA54-4377-8347-1DC5404315E5}.Debug|Any CPU.ActiveCfg = Debug|Any CPU
		{0E6D1D57-DA54-4377-8347-1DC5404315E5}.Debug|Any CPU.Build.0 = Debug|Any CPU
		{0E6D1D57-DA54-4377-8347-1DC5404315E5}.Release|Any CPU.ActiveCfg = Release|Any CPU
		{0E6D1D57-DA54-4377-8347-1DC5404315E5}.Release|Any CPU.Build.0 = Release|Any CPU
	EndGlobalSection
	GlobalSection(SolutionProperties) = preSolution
		HideSolutionNode = FALSE
	EndGlobalSection
	GlobalSection(ExtensibilityGlobals) = postSolution
		SolutionGuid = {80A4C8B4-3F60-4100-A044-4F9556F3C517}
	EndGlobalSection
EndGlobal
